
Microsoft Visual Studio Solution File, Format Version 12.00
# Visual Studio Version 16
VisualStudioVersion = 16.0.31005.135
MinimumVisualStudioVersion = 10.0.40219.1
Project("{FAE04EC0-301F-11D3-BF4B-00C04F79EFBC}") = "flyoutsample.Android", "flyoutsample.Android\flyoutsample.Android.csproj", "{5031C2AE-CA0F-4BE9-A25A-D65D81EAC2C3}"
EndProject
Project("{FAE04EC0-301F-11D3-BF4B-00C04F79EFBC}") = "flyoutsample.iOS", "flyoutsample.iOS\flyoutsample.iOS.csproj", "{FB063099-4E5C-4E21-B586-DA698DD571EE}"
EndProject
Project("{FAE04EC0-301F-11D3-BF4B-00C04F79EFBC}") = "flyoutsample", "flyoutsample\flyoutsample.csproj", "{08FCD7C1-6294-409E-BACA-501029C2B0F2}"
EndProject
Global
	GlobalSection(SolutionConfigurationPlatforms) = preSolution
		Debug|Any CPU = Debug|Any CPU
		Debug|iPhone = Debug|iPhone
		Debug|iPhoneSimulator = Debug|iPhoneSimulator
		Release|Any CPU = Release|Any CPU
		Release|iPhone = Release|iPhone
		Release|iPhoneSimulator = Release|iPhoneSimulator
	EndGlobalSection
	GlobalSection(ProjectConfigurationPlatforms) = postSolution
		{5031C2AE-CA0F-4BE9-A25A-D65D81EAC2C3}.Debug|Any CPU.ActiveCfg = Debug|Any CPU
		{5031C2AE-CA0F-4BE9-A25A-D65D81EAC2C3}.Debug|Any CPU.Build.0 = Debug|Any CPU
		{5031C2AE-CA0F-4BE9-A25A-D65D81EAC2C3}.Debug|Any CPU.Deploy.0 = Debug|Any CPU
		{5031C2AE-CA0F-4BE9-A25A-D65D81EAC2C3}.Debug|iPhone.ActiveCfg = Debug|Any CPU
		{5031C2AE-CA0F-4BE9-A25A-D65D81EAC2C3}.Debug|iPhone.Build.0 = Debug|Any CPU
		{5031C2AE-CA0F-4BE9-A25A-D65D81EAC2C3}.Debug|iPhone.Deploy.0 = Debug|Any CPU
		{5031C2AE-CA0F-4BE9-A25A-D65D81EAC2C3}.Debug|iPhoneSimulator.ActiveCfg = Debug|Any CPU
		{5031C2AE-CA0F-4BE9-A25A-D65D81EAC2C3}.Debug|iPhoneSimulator.Build.0 = Debug|Any CPU
		{5031C2AE-CA0F-4BE9-A25A-D65D81EAC2C3}.Debug|iPhoneSimulator.Deploy.0 = Debug|Any CPU
		{5031C2AE-CA0F-4BE9-A25A-D65D81EAC2C3}.Release|Any CPU.ActiveCfg = Release|Any CPU
		{5031C2AE-CA0F-4BE9-A25A-D65D81EAC2C3}.Release|Any CPU.Build.0 = Release|Any CPU
		{5031C2AE-CA0F-4BE9-A25A-D65D81EAC2C3}.Release|Any CPU.Deploy.0 = Release|Any CPU
		{5031C2AE-CA0F-4BE9-A25A-D65D81EAC2C3}.Release|iPhone.ActiveCfg = Release|Any CPU
		{5031C2AE-CA0F-4BE9-A25A-D65D81EAC2C3}.Release|iPhone.Build.0 = Release|Any CPU
		{5031C2AE-CA0F-4BE9-A25A-D65D81EAC2C3}.Release|iPhone.Deploy.0 = Release|Any CPU
		{5031C2AE-CA0F-4BE9-A25A-D65D81EAC2C3}.Release|iPhoneSimulator.ActiveCfg = Release|Any CPU
		{5031C2AE-CA0F-4BE9-A25A-D65D81EAC2C3}.Release|iPhoneSimulator.Build.0 = Release|Any CPU
		{5031C2AE-CA0F-4BE9-A25A-D65D81EAC2C3}.Release|iPhoneSimulator.Deploy.0 = Release|Any CPU
		{FB063099-4E5C-4E21-B586-DA698DD571EE}.Debug|Any CPU.ActiveCfg = Debug|iPhone
		{FB063099-4E5C-4E21-B586-DA698DD571EE}.Debug|Any CPU.Build.0 = Debug|iPhone
		{FB063099-4E5C-4E21-B586-DA698DD571EE}.Debug|Any CPU.Deploy.0 = Debug|iPhone
		{FB063099-4E5C-4E21-B586-DA698DD571EE}.Debug|iPhone.ActiveCfg = Debug|iPhone
		{FB063099-4E5C-4E21-B586-DA698DD571EE}.Debug|iPhone.Build.0 = Debug|iPhone
		{FB063099-4E5C-4E21-B586-DA698DD571EE}.Debug|iPhone.Deploy.0 = Debug|iPhone
		{FB063099-4E5C-4E21-B586-DA698DD571EE}.Debug|iPhoneSimulator.ActiveCfg = Debug|iPhoneSimulator
		{FB063099-4E5C-4E21-B586-DA698DD571EE}.Debug|iPhoneSimulator.Build.0 = Debug|iPhoneSimulator
		{FB063099-4E5C-4E21-B586-DA698DD571EE}.Debug|iPhoneSimulator.Deploy.0 = Debug|iPhoneSimulator
		{FB063099-4E5C-4E21-B586-DA698DD571EE}.Release|Any CPU.ActiveCfg = Release|iPhoneSimulator
		{FB063099-4E5C-4E21-B586-DA698DD571EE}.Release|Any CPU.Build.0 = Release|iPhoneSimulator
		{FB063099-4E5C-4E21-B586-DA698DD571EE}.Release|Any CPU.Deploy.0 = Release|iPhoneSimulator
		{FB063099-4E5C-4E21-B586-DA698DD571EE}.Release|iPhone.ActiveCfg = Release|iPhone
		{FB063099-4E5C-4E21-B586-DA698DD571EE}.Release|iPhone.Build.0 = Release|iPhone
		{FB063099-4E5C-4E21-B586-DA698DD571EE}.Release|iPhone.Deploy.0 = Release|iPhone
		{FB063099-4E5C-4E21-B586-DA698DD571EE}.Release|iPhoneSimulator.ActiveCfg = Release|iPhoneSimulator
		{FB063099-4E5C-4E21-B586-DA698DD571EE}.Release|iPhoneSimulator.Build.0 = Release|iPhoneSimulator
		{FB063099-4E5C-4E21-B586-DA698DD571EE}.Release|iPhoneSimulator.Deploy.0 = Release|iPhoneSimulator
		{08FCD7C1-6294-409E-BACA-501029C2B0F2}.Debug|Any CPU.ActiveCfg = Debug|Any CPU
		{08FCD7C1-6294-409E-BACA-501029C2B0F2}.Debug|Any CPU.Build.0 = Debug|Any CPU
		{08FCD7C1-6294-409E-BACA-501029C2B0F2}.Debug|Any CPU.Deploy.0 = Debug|Any CPU
		{08FCD7C1-6294-409E-BACA-501029C2B0F2}.Debug|iPhone.ActiveCfg = Debug|Any CPU
		{08FCD7C1-6294-409E-BACA-501029C2B0F2}.Debug|iPhone.Build.0 = Debug|Any CPU
		{08FCD7C1-6294-409E-BACA-501029C2B0F2}.Debug|iPhone.Deploy.0 = Debug|Any CPU
		{08FCD7C1-6294-409E-BACA-501029C2B0F2}.Debug|iPhoneSimulator.ActiveCfg = Debug|Any CPU
		{08FCD7C1-6294-409E-BACA-501029C2B0F2}.Debug|iPhoneSimulator.Build.0 = Debug|Any CPU
		{08FCD7C1-6294-409E-BACA-501029C2B0F2}.Debug|iPhoneSimulator.Deploy.0 = Debug|Any CPU
		{08FCD7C1-6294-409E-BACA-501029C2B0F2}.Release|Any CPU.ActiveCfg = Release|Any CPU
		{08FCD7C1-6294-409E-BACA-501029C2B0F2}.Release|Any CPU.Build.0 = Release|Any CPU
		{08FCD7C1-6294-409E-BACA-501029C2B0F2}.Release|Any CPU.Deploy.0 = Release|Any CPU
		{08FCD7C1-6294-409E-BACA-501029C2B0F2}.Release|iPhone.ActiveCfg = Release|Any CPU
		{08FCD7C1-6294-409E-BACA-501029C2B0F2}.Release|iPhone.Build.0 = Release|Any CPU
		{08FCD7C1-6294-409E-BACA-501029C2B0F2}.Release|iPhone.Deploy.0 = Release|Any CPU
		{08FCD7C1-6294-409E-BACA-501029C2B0F2}.Release|iPhoneSimulator.ActiveCfg = Release|Any CPU
		{08FCD7C1-6294-409E-BACA-501029C2B0F2}.Release|iPhoneSimulator.Build.0 = Release|Any CPU
		{08FCD7C1-6294-409E-BACA-501029C2B0F2}.Release|iPhoneSimulator.Deploy.0 = Release|Any CPU
	EndGlobalSection
	GlobalSection(SolutionProperties) = preSolution
		HideSolutionNode = FALSE
	EndGlobalSection
	GlobalSection(ExtensibilityGlobals) = postSolution
		SolutionGuid = {B01A959A-501E-44BB-A325-B57D188C2E29}
	EndGlobalSection
EndGlobal
